<?xml version="1.0" encoding="utf-8"?>
<Project ToolsVersion="4.0" xmlns="http://schemas.microsoft.com/developer/msbuild/2003">
  <ItemGroup>
    <Filter Include="include">
      <UniqueIdentifier>{93995380-89BD-4b04-88EB-625FBE52EBFB}</UniqueIdentifier>
      <Extensions>h;hh;hpp;hxx;hm;inl;inc;ipp;xsd</Extensions>
    </Filter>
    <Filter Include="include\base">
      <UniqueIdentifier>{d350ffec-5039-45c1-b519-9d1bda49b2aa}</UniqueIdentifier>
    </Filter>
    <Filter Include="include\network">
      <UniqueIdentifier>{08aa006a-ca95-417b-8f5c-ad937d2920dd}</UniqueIdentifier>
    </Filter>
    <Filter Include="include\network\protocol">
      <UniqueIdentifier>{31f6eb0a-35b7-40ac-9513-ef09cbf86cff}</UniqueIdentifier>
    </Filter>
    <Filter Include="include\network\protocol\http">
      <UniqueIdentifier>{b79987ed-e1c7-43f1-bfbe-daf903cc4f19}</UniqueIdentifier>
    </Filter>
    <Filter Include="include\network\protocol\http\v1.1">
      <UniqueIdentifier>{1f48bb3a-669f-4ba4-942c-abc908104492}</UniqueIdentifier>
    </Filter>
    <Filter Include="include\network\transport">
      <UniqueIdentifier>{7d4e77d9-c585-4bc8-b07c-1112e8a4678a}</UniqueIdentifier>
    </Filter>
    <Filter Include="include\network\transport\tcpip">
      <UniqueIdentifier>{acd688eb-1e5b-4f1c-a7ed-fd40edf282d7}</UniqueIdentifier>
    </Filter>
    <Filter Include="include\structured">
      <UniqueIdentifier>{b48f0da1-0eb2-4d9d-a356-419367973bed}</UniqueIdentifier>
    </Filter>
    <Filter Include="include\structured\json">
      <UniqueIdentifier>{8013fd9f-7c95-403f-9204-a8ef34876c57}</UniqueIdentifier>
    </Filter>
    <Filter Include="include\encoding">
      <UniqueIdentifier>{3fc678ef-a61a-48c9-ad8f-edd0a227b2ca}</UniqueIdentifier>
    </Filter>
    <Filter Include="include\encoding\base64">
      <UniqueIdentifier>{012c26f8-9494-43b9-9858-16006a2a049b}</UniqueIdentifier>
    </Filter>
    <Filter Include="src">
      <UniqueIdentifier>{4FC737F1-C7A5-4376-A066-2A32D752A2FF}</UniqueIdentifier>
      <Extensions>cpp;c;cc;cxx;def;odl;idl;hpj;bat;asm;asmx</Extensions>
    </Filter>
    <Filter Include="include\auth">
      <UniqueIdentifier>{c44f1e0b-966a-4aa8-938a-8e3c2470966e}</UniqueIdentifier>
    </Filter>
    <Filter Include="include\network\protocol\http\auth">
      <UniqueIdentifier>{2927dc12-e66a-4b76-8bfe-d96d52b22f87}</UniqueIdentifier>
    </Filter>
    <Filter Include="include\network\protocol\http\auth\modules">
      <UniqueIdentifier>{09bb9caa-dc50-4f88-b4f6-e0bbdef25809}</UniqueIdentifier>
    </Filter>
    <Filter Include="include\network\protocol\http\constants">
      <UniqueIdentifier>{502d7542-fe84-42fb-8315-50e6a1933c70}</UniqueIdentifier>
    </Filter>
    <Filter Include="include\network\protocol\http\controllers">
      <UniqueIdentifier>{f9c828ca-ceac-4440-b934-09ffe4c33ad9}</UniqueIdentifier>
    </Filter>
    <Filter Include="include\network\protocol\http\response_writers">
      <UniqueIdentifier>{449a051b-441c-4176-826f-7051a541450d}</UniqueIdentifier>
    </Filter>
  </ItemGroup>
  <ItemGroup>
    <ClCompile Include="..\..\..\..\..\src\examples\network\http_server_auth_api_key.cpp">
      <Filter>src</Filter>
    </ClCompile>
    <ClCompile Include="..\..\..\..\..\src\examples\network\http_server_auth_basic.cpp">
      <Filter>src</Filter>
    </ClCompile>
    <ClCompile Include="..\..\..\..\..\src\examples\network\http_server_auth_basic_controller.cpp">
      <Filter>src</Filter>
    </ClCompile>
    <ClCompile Include="..\..\..\..\..\src\examples\network\http_server_auth_basic_controller_custom_checker.cpp">
      <Filter>src</Filter>
    </ClCompile>
    <ClCompile Include="..\..\..\..\..\src\examples\network\http_server_auth_basic_custom_checker.cpp">
      <Filter>src</Filter>
    </ClCompile>
    <ClCompile Include="..\..\..\..\..\src\examples\network\http_server_auth_custom.cpp">
      <Filter>src</Filter>
    </ClCompile>
    <ClCompile Include="..\..\..\..\..\src\examples\network\http_server_controller.cpp">
      <Filter>src</Filter>
    </ClCompile>
    <ClCompile Include="..\..\..\..\..\src\examples\network\http_server_handler_shortcut.cpp">
      <Filter>src</Filter>
    </ClCompile>
    <ClCompile Include="..\..\..\..\..\src\examples\network\http_server_hello_world.cpp">
      <Filter>src</Filter>
    </ClCompile>
    <ClCompile Include="..\..\..\..\..\src\examples\network\http_server_response_builder.cpp">
      <Filter>src</Filter>
    </ClCompile>
    <ClCompile Include="..\..\..\..\..\src\examples\network\http_server_response_builder_json.cpp">
      <Filter>src</Filter>
    </ClCompile>
    <ClCompile Include="..\..\..\..\..\src\examples\network\http_server_response_builder_serializable.cpp">
      <Filter>src</Filter>
    </ClCompile>
    <ClCompile Include="..\..\..\..\..\src\examples\network\http_server_static_files_server.cpp">
      <Filter>src</Filter>
    </ClCompile>
    <ClCompile Include="..\..\..\..\..\src\examples\network\http_server_extended_routing_parameters.cpp">
      <Filter>src</Filter>
    </ClCompile>
    <ClCompile Include="..\..\..\..\..\src\examples\network\http_server_response_builder_transfer_encoding.cpp">
      <Filter>src</Filter>
    </ClCompile>
    <ClCompile Include="..\..\..\..\..\src\examples\network\http_server_builder.cpp">
      <Filter>src</Filter>
    </ClCompile>
    <ClCompile Include="..\..\..\..\..\src\examples\network\http_server_raw_response.cpp">
      <Filter>src</Filter>
    </ClCompile>
    <ClCompile Include="..\..\..\..\..\src\examples\network\http_server_response_builder_writer_class.cpp">
      <Filter>src</Filter>
    </ClCompile>
    <ClCompile Include="..\..\..\..\..\src\examples\network\http_server_response_builder_writer_object.cpp">
      <Filter>src</Filter>
    </ClCompile>
    <ClCompile Include="..\..\..\..\..\src\examples\network\http_server_response_builder_serializable_class.cpp">
      <Filter>src</Filter>
    </ClCompile>
  </ItemGroup>
  <ItemGroup>
    <ClInclude Include="..\..\..\..\..\include\auth\controller_base.h">
      <Filter>include\auth</Filter>
    </ClInclude>
    <ClInclude Include="..\..\..\..\..\include\base\auto_buffer.h">
      <Filter>include\base</Filter>
    </ClInclude>
    <ClInclude Include="..\..\..\..\..\include\base\builder.h">
      <Filter>include\base</Filter>
    </ClInclude>
    <ClInclude Include="..\..\..\..\..\include\base\builder_property.h">
      <Filter>include\base</Filter>
    </ClInclude>
    <ClInclude Include="..\..\..\..\..\include\base\platform.h">
      <Filter>include\base</Filter>
    </ClInclude>
    <ClInclude Include="..\..\..\..\..\include\base\serializable.h">
      <Filter>include\base</Filter>
    </ClInclude>
    <ClInclude Include="..\..\..\..\..\include\base\uri.h">
      <Filter>include\base</Filter>
    </ClInclude>
    <ClInclude Include="..\..\..\..\..\include\base\uri_query.h">
      <Filter>include\base</Filter>
    </ClInclude>
    <ClInclude Include="..\..\..\..\..\include\base\uri_reader.h">
      <Filter>include\base</Filter>
    </ClInclude>
    <ClInclude Include="..\..\..\..\..\include\base\variant.h">
      <Filter>include\base</Filter>
    </ClInclude>
    <ClInclude Include="..\..\..\..\..\include\encoding\base64\constants.h">
      <Filter>include\encoding\base64</Filter>
    </ClInclude>
    <ClInclude Include="..\..\..\..\..\include\encoding\base64\decoder.h">
      <Filter>include\encoding\base64</Filter>
    </ClInclude>
    <ClInclude Include="..\..\..\..\..\include\encoding\base64\encoder.h">
      <Filter>include\encoding\base64</Filter>
    </ClInclude>
    <ClInclude Include="..\..\..\..\..\include\encoding\base64\encoder_type.h">
      <Filter>include\encoding\base64</Filter>
    </ClInclude>
    <ClInclude Include="..\..\..\..\..\include\network\transport\tcpip\server.h">
      <Filter>include\network\transport\tcpip</Filter>
    </ClInclude>
    <ClInclude Include="..\..\..\..\..\include\network\transport\tcpip\server_windows.h">
      <Filter>include\network\transport\tcpip</Filter>
    </ClInclude>
    <ClInclude Include="..\..\..\..\..\include\network\transport\server_interface.h">
      <Filter>include\network\transport</Filter>
    </ClInclude>
    <ClInclude Include="..\..\..\..\..\include\network\transport\server_constants.h">
      <Filter>include\network\transport</Filter>
    </ClInclude>
    <ClInclude Include="..\..\..\..\..\include\network\transport\server_decoder.h">
      <Filter>include\network\transport</Filter>
    </ClInclude>
    <ClInclude Include="..\..\..\..\..\include\network\protocol\http\v1.1\request_decoder.h">
      <Filter>include\network\protocol\http\v1.1</Filter>
    </ClInclude>
    <ClInclude Include="..\..\..\..\..\include\network\protocol\http\routes_controller.h">
      <Filter>include\network\protocol\http</Filter>
    </ClInclude>
    <ClInclude Include="..\..\..\..\..\include\network\protocol\http\routes_controller_handler.h">
      <Filter>include\network\protocol\http</Filter>
    </ClInclude>
    <ClInclude Include="..\..\..\..\..\include\network\protocol\http\headers_helper.h">
      <Filter>include\network\protocol\http</Filter>
    </ClInclude>
    <ClInclude Include="..\..\..\..\..\include\network\protocol\http\method_helper.h">
      <Filter>include\network\protocol\http</Filter>
    </ClInclude>
    <ClInclude Include="..\..\..\..\..\include\network\protocol\http\method_value.h">
      <Filter>include\network\protocol\http</Filter>
    </ClInclude>
    <ClInclude Include="..\..\..\..\..\include\network\protocol\http\request.h">
      <Filter>include\network\protocol\http</Filter>
    </ClInclude>
    <ClInclude Include="..\..\..\..\..\include\network\protocol\http\response.h">
      <Filter>include\network\protocol\http</Filter>
    </ClInclude>
    <ClInclude Include="..\..\..\..\..\include\network\protocol\http\response_builder.h">
      <Filter>include\network\protocol\http</Filter>
    </ClInclude>
    <ClInclude Include="..\..\..\..\..\include\network\protocol\http\router.h">
      <Filter>include\network\protocol\http</Filter>
    </ClInclude>
    <ClInclude Include="..\..\..\..\..\include\network\protocol\http\routes_manager.h">
      <Filter>include\network\protocol\http</Filter>
    </ClInclude>
    <ClInclude Include="..\..\..\..\..\include\network\protocol\http\routes_node.h">
      <Filter>include\network\protocol\http</Filter>
    </ClInclude>
    <ClInclude Include="..\..\..\..\..\include\network\protocol\http\routes_performer.h">
      <Filter>include\network\protocol\http</Filter>
    </ClInclude>
    <ClInclude Include="..\..\..\..\..\include\network\protocol\http\server.h">
      <Filter>include\network\protocol\http</Filter>
    </ClInclude>
    <ClInclude Include="..\..\..\..\..\include\network\protocol\http\server_base.h">
      <Filter>include\network\protocol\http</Filter>
    </ClInclude>
    <ClInclude Include="..\..\..\..\..\include\network\protocol\http\server_builder.h">
      <Filter>include\network\protocol\http</Filter>
    </ClInclude>
    <ClInclude Include="..\..\..\..\..\include\network\protocol\http\util.h">
      <Filter>include\network\protocol\http</Filter>
    </ClInclude>
    <ClInclude Include="..\..\..\..\..\include\network\protocol\http\auth\context.h">
      <Filter>include\network\protocol\http\auth</Filter>
    </ClInclude>
    <ClInclude Include="..\..\..\..\..\include\network\protocol\http\auth\context_api_key.h">
      <Filter>include\network\protocol\http\auth</Filter>
    </ClInclude>
    <ClInclude Include="..\..\..\..\..\include\network\protocol\http\auth\context_basic.h">
      <Filter>include\network\protocol\http\auth</Filter>
    </ClInclude>
    <ClInclude Include="..\..\..\..\..\include\network\protocol\http\auth\context_null.h">
      <Filter>include\network\protocol\http\auth</Filter>
    </ClInclude>
    <ClInclude Include="..\..\..\..\..\include\network\protocol\http\auth\controller.h">
      <Filter>include\network\protocol\http\auth</Filter>
    </ClInclude>
    <ClInclude Include="..\..\..\..\..\include\network\protocol\http\auth\mapper.h">
      <Filter>include\network\protocol\http\auth</Filter>
    </ClInclude>
    <ClInclude Include="..\..\..\..\..\include\network\protocol\http\auth\modules\api_key.h">
      <Filter>include\network\protocol\http\auth\modules</Filter>
    </ClInclude>
    <ClInclude Include="..\..\..\..\..\include\network\protocol\http\auth\modules\basic.h">
      <Filter>include\network\protocol\http\auth\modules</Filter>
    </ClInclude>
    <ClInclude Include="..\..\..\..\..\include\network\protocol\http\auth\modules\no_auth.h">
      <Filter>include\network\protocol\http\auth\modules</Filter>
    </ClInclude>
    <ClInclude Include="..\..\..\..\..\include\network\protocol\http\constants\limits.h">
      <Filter>include\network\protocol\http\constants</Filter>
    </ClInclude>
    <ClInclude Include="..\..\..\..\..\include\network\protocol\http\constants\strings.h">
      <Filter>include\network\protocol\http\constants</Filter>
    </ClInclude>
    <ClInclude Include="..\..\..\..\..\include\network\protocol\http\constants\characters.h">
      <Filter>include\network\protocol\http\constants</Filter>
    </ClInclude>
    <ClInclude Include="..\..\..\..\..\include\network\protocol\http\constants\headers.h">
      <Filter>include\network\protocol\http\constants</Filter>
    </ClInclude>
    <ClInclude Include="..\..\..\..\..\include\network\protocol\http\constants\methods.h">
      <Filter>include\network\protocol\http\constants</Filter>
    </ClInclude>
    <ClInclude Include="..\..\..\..\..\include\network\protocol\http\constants\status_codes.h">
      <Filter>include\network\protocol\http\constants</Filter>
    </ClInclude>
    <ClInclude Include="..\..\..\..\..\include\network\protocol\http\controllers\static_files_server.h">
      <Filter>include\network\protocol\http\controllers</Filter>
    </ClInclude>
    <ClInclude Include="..\..\..\..\..\include\network\protocol\http\constants\mime.h">
      <Filter>include\network\protocol\http\constants</Filter>
    </ClInclude>
    <ClInclude Include="..\..\..\..\..\include\base\cache.h">
      <Filter>include\base</Filter>
    </ClInclude>
    <ClInclude Include="..\..\..\..\..\include\base\repository.h">
      <Filter>include\base</Filter>
    </ClInclude>
    <ClInclude Include="..\..\..\..\..\include\base\repository_filesystem.h">
      <Filter>include\base</Filter>
    </ClInclude>
    <ClInclude Include="..\..\..\..\..\include\base\cache_null.h">
      <Filter>include\base</Filter>
    </ClInclude>
    <ClInclude Include="..\..\..\..\..\include\structured\json\importer.h">
      <Filter>include\structured\json</Filter>
    </ClInclude>
    <ClInclude Include="..\..\..\..\..\include\structured\json\value.h">
      <Filter>include\structured\json</Filter>
    </ClInclude>
    <ClInclude Include="..\..\..\..\..\include\network\protocol\http\parameters.h">
      <Filter>include\network\protocol\http</Filter>
    </ClInclude>
    <ClInclude Include="..\..\..\..\..\include\network\protocol\http\routing_handler.h">
      <Filter>include\network\protocol\http</Filter>
    </ClInclude>
    <ClInclude Include="..\..\..\..\..\include\network\protocol\http\routing_handler_extended.h">
      <Filter>include\network\protocol\http</Filter>
    </ClInclude>
    <ClInclude Include="..\..\..\..\..\include\base\case_insensitive_comparator.h">
      <Filter>include\base</Filter>
    </ClInclude>
    <ClInclude Include="..\..\..\..\..\include\base\case_insensitive_hash.h">
      <Filter>include\base</Filter>
    </ClInclude>
    <ClInclude Include="..\..\..\..\..\include\network\protocol\http\response_writers\default.h">
      <Filter>include\network\protocol\http\response_writers</Filter>
    </ClInclude>
    <ClInclude Include="..\..\..\..\..\include\network\protocol\http\response_writers\transfer_encoding.h">
      <Filter>include\network\protocol\http\response_writers</Filter>
    </ClInclude>
  </ItemGroup>
</Project>