<?xml version="1.0" encoding="utf-8"?>
<Project ToolsVersion="4.0" xmlns="http://schemas.microsoft.com/developer/msbuild/2003">
  <ItemGroup>
    <Filter Include="include">
      <UniqueIdentifier>{93995380-89BD-4b04-88EB-625FBE52EBFB}</UniqueIdentifier>
      <Extensions>h;hh;hpp;hxx;hm;inl;inc;ipp;xsd</Extensions>
    </Filter>
    <Filter Include="include\base">
      <UniqueIdentifier>{d350ffec-5039-45c1-b519-9d1bda49b2aa}</UniqueIdentifier>
    </Filter>
    <Filter Include="src">
      <UniqueIdentifier>{4FC737F1-C7A5-4376-A066-2A32D752A2FF}</UniqueIdentifier>
      <Extensions>cpp;c;cc;cxx;def;odl;idl;hpj;bat;asm;asmx</Extensions>
    </Filter>
    <Filter Include="include\structured">
      <UniqueIdentifier>{0533df8b-ec69-4733-af74-fa1a970c35d3}</UniqueIdentifier>
    </Filter>
    <Filter Include="include\structured\json">
      <UniqueIdentifier>{40d1e6e6-3272-49f0-87b6-a04481356239}</UniqueIdentifier>
    </Filter>
  </ItemGroup>
  <ItemGroup>
    <ClInclude Include="..\..\..\..\..\include\base\auto_buffer.h">
      <Filter>include\base</Filter>
    </ClInclude>
    <ClInclude Include="..\..\..\..\..\include\base\builder.h">
      <Filter>include\base</Filter>
    </ClInclude>
    <ClInclude Include="..\..\..\..\..\include\base\builder_property.h">
      <Filter>include\base</Filter>
    </ClInclude>
    <ClInclude Include="..\..\..\..\..\include\base\platform.h">
      <Filter>include\base</Filter>
    </ClInclude>
    <ClInclude Include="..\..\..\..\..\include\base\serializable.h">
      <Filter>include\base</Filter>
    </ClInclude>
    <ClInclude Include="..\..\..\..\..\include\base\uri.h">
      <Filter>include\base</Filter>
    </ClInclude>
    <ClInclude Include="..\..\..\..\..\include\base\uri_query.h">
      <Filter>include\base</Filter>
    </ClInclude>
    <ClInclude Include="..\..\..\..\..\include\base\uri_reader.h">
      <Filter>include\base</Filter>
    </ClInclude>
    <ClInclude Include="..\..\..\..\..\include\base\variant.h">
      <Filter>include\base</Filter>
    </ClInclude>
    <ClInclude Include="..\..\..\..\..\include\base\cache.h">
      <Filter>include\base</Filter>
    </ClInclude>
    <ClInclude Include="..\..\..\..\..\include\base\repository.h">
      <Filter>include\base</Filter>
    </ClInclude>
    <ClInclude Include="..\..\..\..\..\include\base\repository_filesystem.h">
      <Filter>include\base</Filter>
    </ClInclude>
    <ClInclude Include="..\..\..\..\..\include\base\cache_null.h">
      <Filter>include\base</Filter>
    </ClInclude>
    <ClInclude Include="..\..\..\..\..\include\structured\json\json_value.h">
      <Filter>include\structured\json</Filter>
    </ClInclude>
    <ClInclude Include="..\..\..\..\..\include\structured\json\json_importer.h">
      <Filter>include\structured\json</Filter>
    </ClInclude>
  </ItemGroup>
  <ItemGroup>
    <ClCompile Include="..\..\..\..\..\src\examples\structured\json_arrays.cpp">
      <Filter>src</Filter>
    </ClCompile>
    <ClCompile Include="..\..\..\..\..\src\examples\structured\json_basic_types.cpp">
      <Filter>src</Filter>
    </ClCompile>
    <ClCompile Include="..\..\..\..\..\src\examples\structured\json_hello_world.cpp">
      <Filter>src</Filter>
    </ClCompile>
    <ClCompile Include="..\..\..\..\..\src\examples\structured\json_import.cpp">
      <Filter>src</Filter>
    </ClCompile>
    <ClCompile Include="..\..\..\..\..\src\examples\structured\json_objects.cpp">
      <Filter>src</Filter>
    </ClCompile>
  </ItemGroup>
</Project>