<?xml version="1.0" encoding="utf-8"?>
<Project ToolsVersion="4.0" xmlns="http://schemas.microsoft.com/developer/msbuild/2003">
  <ItemGroup>
    <Filter Include="Header Files">
      <UniqueIdentifier>{e3b5d5b7-7a44-4318-8b28-ab126bbe3d09}</UniqueIdentifier>
    </Filter>
    <Filter Include="Source Files">
      <UniqueIdentifier>{95fe40a6-ce67-4ead-b529-05b1e8edc728}</UniqueIdentifier>
    </Filter>
    <Filter Include="Header Files\base">
      <UniqueIdentifier>{778e0aff-58ad-4829-b5d7-12dabe0d9e51}</UniqueIdentifier>
    </Filter>
    <Filter Include="Header Files\console">
      <UniqueIdentifier>{2d4ce8d8-c295-4d56-a2e5-e507b6b964b8}</UniqueIdentifier>
    </Filter>
    <Filter Include="Header Files\network">
      <UniqueIdentifier>{049f2a07-4936-4863-98fb-952c41a3b38e}</UniqueIdentifier>
    </Filter>
    <Filter Include="Header Files\threading">
      <UniqueIdentifier>{0afe40cb-2cc3-4451-8cd4-5abe192c25b9}</UniqueIdentifier>
    </Filter>
    <Filter Include="Header Files\utils">
      <UniqueIdentifier>{6da2bdff-041b-4feb-9677-ce8d1a5d4ae6}</UniqueIdentifier>
    </Filter>
  </ItemGroup>
  <ItemGroup>
    <ClInclude Include="..\..\..\..\..\include\base\builder.h">
      <Filter>Header Files\base</Filter>
    </ClInclude>
    <ClInclude Include="..\..\..\..\..\include\base\builder_property.h">
      <Filter>Header Files\base</Filter>
    </ClInclude>
    <ClInclude Include="..\..\..\..\..\include\base\common.h">
      <Filter>Header Files\base</Filter>
    </ClInclude>
    <ClInclude Include="..\..\..\..\..\include\base\platform.h">
      <Filter>Header Files\base</Filter>
    </ClInclude>
    <ClInclude Include="..\..\..\..\..\include\console\console.h">
      <Filter>Header Files\console</Filter>
    </ClInclude>
    <ClInclude Include="..\..\..\..\..\include\console\console_linux.h">
      <Filter>Header Files\console</Filter>
    </ClInclude>
    <ClInclude Include="..\..\..\..\..\include\console\console_types.h">
      <Filter>Header Files\console</Filter>
    </ClInclude>
    <ClInclude Include="..\..\..\..\..\include\threading\thread_pool.h">
      <Filter>Header Files\threading</Filter>
    </ClInclude>
    <ClInclude Include="..\..\..\..\utils\console_helper.h">
      <Filter>Header Files\utils</Filter>
    </ClInclude>
    <ClInclude Include="..\..\..\..\..\include\network\http_adapter.h">
      <Filter>Header Files\network</Filter>
    </ClInclude>
    <ClInclude Include="..\..\..\..\..\include\network\http_request.h">
      <Filter>Header Files\network</Filter>
    </ClInclude>
    <ClInclude Include="..\..\..\..\..\include\network\http_request_processor.h">
      <Filter>Header Files\network</Filter>
    </ClInclude>
    <ClInclude Include="..\..\..\..\..\include\network\http_response.h">
      <Filter>Header Files\network</Filter>
    </ClInclude>
    <ClInclude Include="..\..\..\..\..\include\network\http_server.h">
      <Filter>Header Files\network</Filter>
    </ClInclude>
    <ClInclude Include="..\..\..\..\..\include\network\http_server_builder.h">
      <Filter>Header Files\network</Filter>
    </ClInclude>
    <ClInclude Include="..\..\..\..\..\include\network\http_types.h">
      <Filter>Header Files\network</Filter>
    </ClInclude>
    <ClInclude Include="..\..\..\..\..\include\network\server.h">
      <Filter>Header Files\network</Filter>
    </ClInclude>
    <ClInclude Include="..\..\..\..\..\include\network\transport.h">
      <Filter>Header Files\network</Filter>
    </ClInclude>
    <ClInclude Include="..\..\..\..\..\include\network\transport_tcp_ip.h">
      <Filter>Header Files\network</Filter>
    </ClInclude>
    <ClInclude Include="..\..\..\..\..\include\network\transport_tcp_ip_linux.h">
      <Filter>Header Files\network</Filter>
    </ClInclude>
  </ItemGroup>
  <ItemGroup>
    <ClCompile Include="..\http_server.cpp">
      <Filter>Source Files</Filter>
    </ClCompile>
  </ItemGroup>
</Project>