<?xml version="1.0" encoding="utf-8"?>
<Project ToolsVersion="4.0" xmlns="http://schemas.microsoft.com/developer/msbuild/2003">
  <ItemGroup>
    <Filter Include="include">
      <UniqueIdentifier>{93995380-89BD-4b04-88EB-625FBE52EBFB}</UniqueIdentifier>
      <Extensions>h;hh;hpp;hxx;hm;inl;inc;ipp;xsd</Extensions>
    </Filter>
    <Filter Include="include\base">
      <UniqueIdentifier>{d350ffec-5039-45c1-b519-9d1bda49b2aa}</UniqueIdentifier>
    </Filter>
    <Filter Include="include\structured">
      <UniqueIdentifier>{b48f0da1-0eb2-4d9d-a356-419367973bed}</UniqueIdentifier>
    </Filter>
    <Filter Include="include\structured\json">
      <UniqueIdentifier>{8013fd9f-7c95-403f-9204-a8ef34876c57}</UniqueIdentifier>
    </Filter>
    <Filter Include="src">
      <UniqueIdentifier>{4FC737F1-C7A5-4376-A066-2A32D752A2FF}</UniqueIdentifier>
      <Extensions>cpp;c;cc;cxx;def;odl;idl;hpj;bat;asm;asmx</Extensions>
    </Filter>
  </ItemGroup>
  <ItemGroup>
    <ClInclude Include="..\..\..\..\include\base\buffer.h">
      <Filter>include\base</Filter>
    </ClInclude>
    <ClInclude Include="..\..\..\..\include\base\builder_interface.h">
      <Filter>include\base</Filter>
    </ClInclude>
    <ClInclude Include="..\..\..\..\include\base\builder_property.h">
      <Filter>include\base</Filter>
    </ClInclude>
    <ClInclude Include="..\..\..\..\include\base\key_value_store.h">
      <Filter>include\base</Filter>
    </ClInclude>
    <ClInclude Include="..\..\..\..\include\base\platform.h">
      <Filter>include\base</Filter>
    </ClInclude>
    <ClInclude Include="..\..\..\..\include\base\repository_interface.h">
      <Filter>include\base</Filter>
    </ClInclude>
    <ClInclude Include="..\..\..\..\include\base\repository_memory.h">
      <Filter>include\base</Filter>
    </ClInclude>
    <ClInclude Include="..\..\..\..\include\base\string_export_interface.h">
      <Filter>include\base</Filter>
    </ClInclude>
    <ClInclude Include="..\..\..\..\include\base\uri.h">
      <Filter>include\base</Filter>
    </ClInclude>
    <ClInclude Include="..\..\..\..\include\base\uri_query.h">
      <Filter>include\base</Filter>
    </ClInclude>
    <ClInclude Include="..\..\..\..\include\base\uri_reader_interface.h">
      <Filter>include\base</Filter>
    </ClInclude>
    <ClInclude Include="..\..\..\..\include\base\variant.h">
      <Filter>include\base</Filter>
    </ClInclude>
    <ClInclude Include="..\..\..\..\include\structured\json\json_array.h">
      <Filter>include\structured\json</Filter>
    </ClInclude>
    <ClInclude Include="..\..\..\..\include\structured\json\json_false.h">
      <Filter>include\structured\json</Filter>
    </ClInclude>
    <ClInclude Include="..\..\..\..\include\structured\json\json_id.h">
      <Filter>include\structured\json</Filter>
    </ClInclude>
    <ClInclude Include="..\..\..\..\include\structured\json\json_null.h">
      <Filter>include\structured\json</Filter>
    </ClInclude>
    <ClInclude Include="..\..\..\..\include\structured\json\json_number.h">
      <Filter>include\structured\json</Filter>
    </ClInclude>
    <ClInclude Include="..\..\..\..\include\structured\json\json_number_type.h">
      <Filter>include\structured\json</Filter>
    </ClInclude>
    <ClInclude Include="..\..\..\..\include\structured\json\json_object.h">
      <Filter>include\structured\json</Filter>
    </ClInclude>
    <ClInclude Include="..\..\..\..\include\structured\json\json_string.h">
      <Filter>include\structured\json</Filter>
    </ClInclude>
    <ClInclude Include="..\..\..\..\include\structured\json\json_true.h">
      <Filter>include\structured\json</Filter>
    </ClInclude>
    <ClInclude Include="..\..\..\..\include\structured\json\json_value.h">
      <Filter>include\structured\json</Filter>
    </ClInclude>
    <ClInclude Include="..\..\..\..\include\structured\json\json_value_type.h">
      <Filter>include\structured\json</Filter>
    </ClInclude>
  </ItemGroup>
  <ItemGroup>
    <ClCompile Include="..\..\..\..\src\examples\structured\json\hello_world.cpp">
      <Filter>src</Filter>
    </ClCompile>
    <ClCompile Include="..\..\..\..\src\examples\structured\json\basic_types.cpp">
      <Filter>src</Filter>
    </ClCompile>
    <ClCompile Include="..\..\..\..\src\examples\structured\json\objects.cpp">
      <Filter>src</Filter>
    </ClCompile>
    <ClCompile Include="..\..\..\..\src\examples\structured\json\arrays.cpp">
      <Filter>src</Filter>
    </ClCompile>
    <ClCompile Include="..\..\..\..\src\examples\structured\json\import.cpp">
      <Filter>src</Filter>
    </ClCompile>
  </ItemGroup>
</Project>