<?xml version="1.0" encoding="utf-8"?>
<Project ToolsVersion="4.0" xmlns="http://schemas.microsoft.com/developer/msbuild/2003">
  <ItemGroup>
    <Filter Include="include">
      <UniqueIdentifier>{599c0781-c829-446d-bd00-162c5b08b428}</UniqueIdentifier>
    </Filter>
    <Filter Include="include\base">
      <UniqueIdentifier>{759277f4-cf2b-47ea-a633-45c86683a6f3}</UniqueIdentifier>
    </Filter>
    <Filter Include="include\structured">
      <UniqueIdentifier>{e2344702-da6a-49a2-ba58-9d49a2c083d1}</UniqueIdentifier>
    </Filter>
    <Filter Include="include\structured\json">
      <UniqueIdentifier>{baafa5f9-6d2a-467a-877e-0117cb5c210f}</UniqueIdentifier>
    </Filter>
    <Filter Include="src">
      <UniqueIdentifier>{13ebfac3-cb1e-4cd3-b957-8449c2ea52da}</UniqueIdentifier>
    </Filter>
  </ItemGroup>
  <ItemGroup>
    <ClInclude Include="..\..\..\..\include\base\auto_buffer.h">
      <Filter>include\base</Filter>
    </ClInclude>
    <ClInclude Include="..\..\..\..\include\base\builder.h">
      <Filter>include\base</Filter>
    </ClInclude>
    <ClInclude Include="..\..\..\..\include\base\builder_property.h">
      <Filter>include\base</Filter>
    </ClInclude>
    <ClInclude Include="..\..\..\..\include\base\platform.h">
      <Filter>include\base</Filter>
    </ClInclude>
    <ClInclude Include="..\..\..\..\include\base\serializable.h">
      <Filter>include\base</Filter>
    </ClInclude>
    <ClInclude Include="..\..\..\..\include\base\uri.h">
      <Filter>include\base</Filter>
    </ClInclude>
    <ClInclude Include="..\..\..\..\include\base\uri_query.h">
      <Filter>include\base</Filter>
    </ClInclude>
    <ClInclude Include="..\..\..\..\include\base\uri_reader.h">
      <Filter>include\base</Filter>
    </ClInclude>
    <ClInclude Include="..\..\..\..\include\base\variant.h">
      <Filter>include\base</Filter>
    </ClInclude>
    <ClInclude Include="..\..\..\..\include\structured\json\value.h">
      <Filter>include\structured\json</Filter>
    </ClInclude>
  </ItemGroup>
  <ItemGroup>
    <ClCompile Include="..\..\..\..\src\examples\structured\json_hello_world.cpp">
      <Filter>src</Filter>
    </ClCompile>
  </ItemGroup>
</Project>